{
  "nodes": {
    "kolohelios-nix": {
      "inputs": {
        "nixpkgs": "nixpkgs"
      },
      "locked": {
        "lastModified": 1778359556,
        "narHash": "sha256-qw2utY3ZmYQZeYVuuQqcMkpm1TVdO+2w1wS6erPxMLs=",
        "rev": "07a4624ec36c7ba9c7a2687ba36d1f52acfa0f43",
        "revCount": 188,
        "type": "tarball",
        "url": "https://api.flakehub.com/f/pinned/kolohelios/kolohelios-nix/0.1.188%2Brev-07a4624ec36c7ba9c7a2687ba36d1f52acfa0f43/019e0e80-97a2-74b1-b445-cdd5e4b2193e/source.tar.gz"
      },
      "original": {
        "type": "tarball",
        "url": "https://flakehub.com/f/kolohelios/kolohelios-nix/%2A.tar.gz"
      }
    },
    "nixpkgs": {
      "locked": {
        "lastModified": 1777077449,
        "narHash": "sha256-AIiMJiqvGrN4HyLEbKAoCSRRYn0rnlW5VbKNIMIYqm4=",
        "rev": "a4bf06618f0b5ee50f14ed8f0da77d34ecc19160",
        "revCount": 911667,
        "type": "tarball",
        "url": "https://api.flakehub.com/f/pinned/NixOS/nixpkgs/0.2511.911667%2Brev-a4bf06618f0b5ee50f14ed8f0da77d34ecc19160/019dcae8-75b0-71d1-abd5-feab9658f0fa/source.tar.gz"
      },
      "original": {
        "type": "tarball",
        "url": "https://flakehub.com/f/NixOS/nixpkgs/0"
      }
    },
    "root": {
      "inputs": {
        "kolohelios-nix": "kolohelios-nix",
        "nixpkgs": [
          "kolohelios-nix",
          "nixpkgs"
        ]
      }
    }
  },
  "root": "root",
  "version": 7
}
