{
  "nodes": {
    "claude-hooks": {
      "inputs": {
        "kolohelios-nix": [
          "kolohelios-nix"
        ],
        "nixpkgs": [
          "nixpkgs"
        ],
        "rust-overlay": "rust-overlay"
      },
      "locked": {
        "lastModified": 1779817997,
        "narHash": "sha256-Xtg4c0R1sVKjQJEbl74siGNlJL1qk2CcOotRVKNNGLM=",
        "rev": "a5369a9620456c3fa4df19d9bca7e2fb979f68d4",
        "revCount": 379,
        "type": "tarball",
        "url": "https://api.flakehub.com/f/pinned/kolohelios/claude-hooks/0.1.379%2Brev-a5369a9620456c3fa4df19d9bca7e2fb979f68d4/019e656e-b29c-7b01-bb8a-9ff9c546134c/source.tar.gz"
      },
      "original": {
        "type": "tarball",
        "url": "https://flakehub.com/f/kolohelios/claude-hooks/%2A.tar.gz"
      }
    },
    "home-manager": {
      "inputs": {
        "nixpkgs": [
          "nixpkgs"
        ]
      },
      "locked": {
        "lastModified": 1780361225,
        "narHash": "sha256-wnV9ttf4fPWNonBIQmvlrSlNpQYgx5HgWWd007mwIFA=",
        "owner": "nix-community",
        "repo": "home-manager",
        "rev": "e28654b71096e08c019d4861ca26acb646f583d8",
        "type": "github"
      },
      "original": {
        "owner": "nix-community",
        "ref": "release-26.05",
        "repo": "home-manager",
        "type": "github"
      }
    },
    "kolohelios-nix": {
      "inputs": {
        "nixpkgs": "nixpkgs"
      },
      "locked": {
        "lastModified": 1780967386,
        "narHash": "sha256-pv9Tah+jTWulk+MsPDQSuwyevVd607PIikZL5T54K4w=",
        "rev": "b882ee87db1082692609e102e0abe8ba07bfe43c",
        "revCount": 576,
        "type": "tarball",
        "url": "https://api.flakehub.com/f/pinned/kolohelios/kolohelios-nix/0.1.576%2Brev-b882ee87db1082692609e102e0abe8ba07bfe43c/019ea9f1-0a22-7270-90e5-e2a21bb10fc4/source.tar.gz"
      },
      "original": {
        "type": "tarball",
        "url": "https://flakehub.com/f/kolohelios/kolohelios-nix/%2A.tar.gz"
      }
    },
    "nix-darwin": {
      "inputs": {
        "nixpkgs": [
          "nixpkgs"
        ]
      },
      "locked": {
        "lastModified": 1779036909,
        "narHash": "sha256-zXcwYQGCT6pzinK+1dBB2ekTVtfxGZAapb3Evdcu4fY=",
        "owner": "LnL7",
        "repo": "nix-darwin",
        "rev": "56c666e108467d87d13508936aade6d567f2a501",
        "type": "github"
      },
      "original": {
        "owner": "LnL7",
        "ref": "nix-darwin-26.05",
        "repo": "nix-darwin",
        "type": "github"
      }
    },
    "nixpkgs": {
      "locked": {
        "lastModified": 1780902259,
        "narHash": "sha256-q8yYEC5f1mFlQO9RGna4LTc9QrcvWunX6FYp83munkQ=",
        "rev": "bd0ff2d3eac24699c3664d5966b9ef36f388e2ca",
        "revCount": 1005841,
        "type": "tarball",
        "url": "https://api.flakehub.com/f/pinned/NixOS/nixpkgs/0.2605.1005841%2Brev-bd0ff2d3eac24699c3664d5966b9ef36f388e2ca/019ea877-a51e-7d63-a6c5-85b9b069aa6c/source.tar.gz"
      },
      "original": {
        "type": "tarball",
        "url": "https://flakehub.com/f/NixOS/nixpkgs/0"
      }
    },
    "root": {
      "inputs": {
        "claude-hooks": "claude-hooks",
        "home-manager": "home-manager",
        "kolohelios-nix": "kolohelios-nix",
        "nix-darwin": "nix-darwin",
        "nixpkgs": [
          "kolohelios-nix",
          "nixpkgs"
        ]
      }
    },
    "rust-overlay": {
      "inputs": {
        "nixpkgs": [
          "claude-hooks",
          "nixpkgs"
        ]
      },
      "locked": {
        "lastModified": 1779765539,
        "narHash": "sha256-2QxuD5gJcfCFsnqv54LGEHQKvd+K+DW/ecERwAvuA7w=",
        "owner": "oxalica",
        "repo": "rust-overlay",
        "rev": "09889992e640378f7008c3302b9d4892579df610",
        "type": "github"
      },
      "original": {
        "owner": "oxalica",
        "repo": "rust-overlay",
        "type": "github"
      }
    }
  },
  "root": "root",
  "version": 7
}
