{
  "nodes": {
    "home-manager": {
      "inputs": {
        "nixpkgs": [
          "nixpkgs"
        ]
      },
      "locked": {
        "lastModified": 1777851538,
        "narHash": "sha256-Gp8qwTEYNoy2yvmErVGlvLOQvrtEECCAKbonW7VJef8=",
        "owner": "nix-community",
        "repo": "home-manager",
        "rev": "cc09c0f9b7eaa95c2d9827338a5eb03d32505ca5",
        "type": "github"
      },
      "original": {
        "owner": "nix-community",
        "ref": "release-25.11",
        "repo": "home-manager",
        "type": "github"
      }
    },
    "kolohelios-nix": {
      "inputs": {
        "nixpkgs": "nixpkgs"
      },
      "locked": {
        "lastModified": 1779498786,
        "narHash": "sha256-aDrScWklbRGN2L3eMOJ7EA7d6vcwQejbU7S3xN//c00=",
        "rev": "3228ba84b545f84665761e498d5d01721d02d029",
        "revCount": 311,
        "type": "tarball",
        "url": "https://api.flakehub.com/f/pinned/kolohelios/kolohelios-nix/0.1.311%2Brev-3228ba84b545f84665761e498d5d01721d02d029/019e526b-b656-79f1-afe4-ad4ba55a056c/source.tar.gz"
      },
      "original": {
        "type": "tarball",
        "url": "https://flakehub.com/f/kolohelios/kolohelios-nix/%2A.tar.gz"
      }
    },
    "nix-darwin": {
      "inputs": {
        "nixpkgs": [
          "nixpkgs"
        ]
      },
      "locked": {
        "lastModified": 1772129556,
        "narHash": "sha256-Utk0zd8STPsUJPyjabhzPc5BpPodLTXrwkpXBHYnpeg=",
        "owner": "LnL7",
        "repo": "nix-darwin",
        "rev": "ebec37af18215214173c98cf6356d0aca24a2585",
        "type": "github"
      },
      "original": {
        "owner": "LnL7",
        "ref": "nix-darwin-25.11",
        "repo": "nix-darwin",
        "type": "github"
      }
    },
    "nixpkgs": {
      "locked": {
        "lastModified": 1777077449,
        "narHash": "sha256-AIiMJiqvGrN4HyLEbKAoCSRRYn0rnlW5VbKNIMIYqm4=",
        "rev": "a4bf06618f0b5ee50f14ed8f0da77d34ecc19160",
        "revCount": 911667,
        "type": "tarball",
        "url": "https://api.flakehub.com/f/pinned/NixOS/nixpkgs/0.2511.911667%2Brev-a4bf06618f0b5ee50f14ed8f0da77d34ecc19160/019dcae8-75b0-71d1-abd5-feab9658f0fa/source.tar.gz"
      },
      "original": {
        "type": "tarball",
        "url": "https://flakehub.com/f/NixOS/nixpkgs/0"
      }
    },
    "root": {
      "inputs": {
        "home-manager": "home-manager",
        "kolohelios-nix": "kolohelios-nix",
        "nix-darwin": "nix-darwin",
        "nixpkgs": [
          "kolohelios-nix",
          "nixpkgs"
        ]
      }
    }
  },
  "root": "root",
  "version": 7
}
