{
  "nodes": {
    "claude-hooks": {
      "inputs": {
        "kolohelios-nix": [
          "kolohelios-nix"
        ],
        "nixpkgs": [
          "nixpkgs"
        ],
        "rust-overlay": "rust-overlay"
      },
      "locked": {
        "lastModified": 1779817997,
        "narHash": "sha256-Xtg4c0R1sVKjQJEbl74siGNlJL1qk2CcOotRVKNNGLM=",
        "rev": "a5369a9620456c3fa4df19d9bca7e2fb979f68d4",
        "revCount": 379,
        "type": "tarball",
        "url": "https://api.flakehub.com/f/pinned/kolohelios/claude-hooks/0.1.379%2Brev-a5369a9620456c3fa4df19d9bca7e2fb979f68d4/019e656e-b29c-7b01-bb8a-9ff9c546134c/source.tar.gz"
      },
      "original": {
        "type": "tarball",
        "url": "https://flakehub.com/f/kolohelios/claude-hooks/%2A.tar.gz"
      }
    },
    "home-manager": {
      "inputs": {
        "nixpkgs": [
          "nixpkgs"
        ]
      },
      "locked": {
        "lastModified": 1780361225,
        "narHash": "sha256-wnV9ttf4fPWNonBIQmvlrSlNpQYgx5HgWWd007mwIFA=",
        "owner": "nix-community",
        "repo": "home-manager",
        "rev": "e28654b71096e08c019d4861ca26acb646f583d8",
        "type": "github"
      },
      "original": {
        "owner": "nix-community",
        "ref": "release-26.05",
        "repo": "home-manager",
        "type": "github"
      }
    },
    "kolohelios-nix": {
      "inputs": {
        "nixpkgs": "nixpkgs"
      },
      "locked": {
        "lastModified": 1788580955,
        "narHash": "sha256-l2RZDUmNpSqVwUfMMI1+sRFFdxTV6trcZZlJAe0hp6Q=",
        "rev": "16f7e1bdf41ca5f59774d57b66c92c18ae74b121",
        "revCount": 743,
        "type": "tarball",
        "url": "https://api.flakehub.com/f/pinned/kolohelios/kolohelios-nix/0.1.743%2Brev-16f7e1bdf41ca5f59774d57b66c92c18ae74b121/01a06fbe-720c-75a1-9ad8-e976cedc21cf/source.tar.gz"
      },
      "original": {
        "type": "tarball",
        "url": "https://flakehub.com/f/kolohelios/kolohelios-nix/%2A.tar.gz"
      }
    },
    "nix-darwin": {
      "inputs": {
        "nixpkgs": [
          "nixpkgs"
        ]
      },
      "locked": {
        "lastModified": 1779036909,
        "narHash": "sha256-zXcwYQGCT6pzinK+1dBB2ekTVtfxGZAapb3Evdcu4fY=",
        "owner": "LnL7",
        "repo": "nix-darwin",
        "rev": "56c666e108467d87d13508936aade6d567f2a501",
        "type": "github"
      },
      "original": {
        "owner": "LnL7",
        "ref": "nix-darwin-26.05",
        "repo": "nix-darwin",
        "type": "github"
      }
    },
    "nixpkgs": {
      "locked": {
        "lastModified": 1788405554,
        "narHash": "sha256-r2f1oUwixlgq9zOdYLqJLfS/lWBT60/IITjhTKI59JU=",
        "rev": "a5cc6f2c37bf518436dc8d1c288ccd0c43c2f4c4",
        "revCount": 1013245,
        "type": "tarball",
        "url": "https://api.flakehub.com/f/pinned/NixOS/nixpkgs/0.2605.1013245%2Brev-a5cc6f2c37bf518436dc8d1c288ccd0c43c2f4c4/01a06aee-1d5c-7172-a1d5-d08b0f263a45/source.tar.gz"
      },
      "original": {
        "type": "tarball",
        "url": "https://flakehub.com/f/NixOS/nixpkgs/0"
      }
    },
    "root": {
      "inputs": {
        "claude-hooks": "claude-hooks",
        "home-manager": "home-manager",
        "kolohelios-nix": "kolohelios-nix",
        "nix-darwin": "nix-darwin",
        "nixpkgs": [
          "kolohelios-nix",
          "nixpkgs"
        ],
        "shaka": "shaka"
      }
    },
    "rust-overlay": {
      "inputs": {
        "nixpkgs": [
          "claude-hooks",
          "nixpkgs"
        ]
      },
      "locked": {
        "lastModified": 1779765539,
        "narHash": "sha256-2QxuD5gJcfCFsnqv54LGEHQKvd+K+DW/ecERwAvuA7w=",
        "owner": "oxalica",
        "repo": "rust-overlay",
        "rev": "09889992e640378f7008c3302b9d4892579df610",
        "type": "github"
      },
      "original": {
        "owner": "oxalica",
        "repo": "rust-overlay",
        "type": "github"
      }
    },
    "rust-overlay_2": {
      "inputs": {
        "nixpkgs": [
          "shaka",
          "nixpkgs"
        ]
      },
      "locked": {
        "lastModified": 1777432579,
        "narHash": "sha256-Ce11TStDsqCge2vAAfLKe2+4lDI5cSX5ZYZOuKJBKKQ=",
        "owner": "oxalica",
        "repo": "rust-overlay",
        "rev": "3ecb5e6ab380ced3272ef7fcfe398bffbcc0f152",
        "type": "github"
      },
      "original": {
        "owner": "oxalica",
        "repo": "rust-overlay",
        "type": "github"
      }
    },
    "shaka": {
      "inputs": {
        "kolohelios-nix": [
          "kolohelios-nix"
        ],
        "nixpkgs": [
          "nixpkgs"
        ],
        "rust-overlay": "rust-overlay_2"
      },
      "locked": {
        "lastModified": 1781375380,
        "narHash": "sha256-ULmyOum/yVqsFFw6YiFDiODbtyQ/fHGldPzW8Bk3eJE=",
        "rev": "506ef072b14701869d0e554f5cbc13588ba5d0af",
        "revCount": 592,
        "type": "tarball",
        "url": "https://api.flakehub.com/f/pinned/kolohelios/shaka/0.1.592%2Brev-506ef072b14701869d0e554f5cbc13588ba5d0af/019ec243-2208-7c82-8571-cc969a015737/source.tar.gz"
      },
      "original": {
        "type": "tarball",
        "url": "https://flakehub.com/f/kolohelios/shaka/%2A.tar.gz"
      }
    }
  },
  "root": "root",
  "version": 7
}
