{
  "nodes": {
    "nixpkgs": {
      "locked": {
        "lastModified": 1786430034,
        "narHash": "sha256-Vux08kA5PICwS2sViCMfwVLAHNoH8TkKAeBo25LjpMI=",
        "rev": "70cc4559b10a6062b05ff1af17e0add065ccaed9",
        "revCount": 1011734,
        "type": "tarball",
        "url": "https://api.flakehub.com/f/pinned/NixOS/nixpkgs/0.2605.1011734%2Brev-70cc4559b10a6062b05ff1af17e0add065ccaed9/019ff490-3b07-7451-8f5e-7febc5a7e4f8/source.tar.gz"
      },
      "original": {
        "type": "tarball",
        "url": "https://flakehub.com/f/NixOS/nixpkgs/0"
      }
    },
    "root": {
      "inputs": {
        "nixpkgs": "nixpkgs"
      }
    }
  },
  "root": "root",
  "version": 7
}
