{
  "nodes": {
    "kolohelios-nix": {
      "inputs": {
        "nixpkgs": "nixpkgs"
      },
      "locked": {
        "lastModified": 1779078844,
        "narHash": "sha256-aDrScWklbRGN2L3eMOJ7EA7d6vcwQejbU7S3xN//c00=",
        "rev": "bce9cc68956266a9dbecd597346a6d56dc883982",
        "revCount": 306,
        "type": "tarball",
        "url": "https://api.flakehub.com/f/pinned/kolohelios/kolohelios-nix/0.1.306%2Brev-bce9cc68956266a9dbecd597346a6d56dc883982/019e3962-930d-7640-8025-d97d6127dd97/source.tar.gz"
      },
      "original": {
        "type": "tarball",
        "url": "https://flakehub.com/f/kolohelios/kolohelios-nix/%2A.tar.gz"
      }
    },
    "nixpkgs": {
      "locked": {
        "lastModified": 1777077449,
        "narHash": "sha256-AIiMJiqvGrN4HyLEbKAoCSRRYn0rnlW5VbKNIMIYqm4=",
        "rev": "a4bf06618f0b5ee50f14ed8f0da77d34ecc19160",
        "revCount": 911667,
        "type": "tarball",
        "url": "https://api.flakehub.com/f/pinned/NixOS/nixpkgs/0.2511.911667%2Brev-a4bf06618f0b5ee50f14ed8f0da77d34ecc19160/019dcae8-75b0-71d1-abd5-feab9658f0fa/source.tar.gz"
      },
      "original": {
        "type": "tarball",
        "url": "https://flakehub.com/f/NixOS/nixpkgs/0"
      }
    },
    "root": {
      "inputs": {
        "kolohelios-nix": "kolohelios-nix",
        "nixpkgs": [
          "kolohelios-nix",
          "nixpkgs"
        ],
        "rust-overlay": "rust-overlay"
      }
    },
    "rust-overlay": {
      "inputs": {
        "nixpkgs": [
          "nixpkgs"
        ]
      },
      "locked": {
        "lastModified": 1778469574,
        "narHash": "sha256-NTZzJ7xJvMXOonYqut3WLUhryeZj5QuuL0ANcqS7d30=",
        "owner": "oxalica",
        "repo": "rust-overlay",
        "rev": "4852a8aa041c94af55e136cde5b8b6d42c3563e8",
        "type": "github"
      },
      "original": {
        "owner": "oxalica",
        "repo": "rust-overlay",
        "type": "github"
      }
    }
  },
  "root": "root",
  "version": 7
}
