{
  "nodes": {
    "kolohelios-nix": {
      "inputs": {
        "nixpkgs": "nixpkgs"
      },
      "locked": {
        "lastModified": 1778807352,
        "narHash": "sha256-qw2utY3ZmYQZeYVuuQqcMkpm1TVdO+2w1wS6erPxMLs=",
        "rev": "66a0f307ea308ae7a9e4181a47f57115e27d5bef",
        "revCount": 278,
        "type": "tarball",
        "url": "https://api.flakehub.com/f/pinned/kolohelios/kolohelios-nix/0.1.278%2Brev-66a0f307ea308ae7a9e4181a47f57115e27d5bef/019e2935-04a1-71c1-ba07-4269327842f7/source.tar.gz"
      },
      "original": {
        "type": "tarball",
        "url": "https://flakehub.com/f/kolohelios/kolohelios-nix/%2A.tar.gz"
      }
    },
    "nixpkgs": {
      "locked": {
        "lastModified": 1777077449,
        "narHash": "sha256-AIiMJiqvGrN4HyLEbKAoCSRRYn0rnlW5VbKNIMIYqm4=",
        "rev": "a4bf06618f0b5ee50f14ed8f0da77d34ecc19160",
        "revCount": 911667,
        "type": "tarball",
        "url": "https://api.flakehub.com/f/pinned/NixOS/nixpkgs/0.2511.911667%2Brev-a4bf06618f0b5ee50f14ed8f0da77d34ecc19160/019dcae8-75b0-71d1-abd5-feab9658f0fa/source.tar.gz"
      },
      "original": {
        "type": "tarball",
        "url": "https://flakehub.com/f/NixOS/nixpkgs/0"
      }
    },
    "root": {
      "inputs": {
        "kolohelios-nix": "kolohelios-nix",
        "nixpkgs": [
          "kolohelios-nix",
          "nixpkgs"
        ],
        "rust-overlay": "rust-overlay"
      }
    },
    "rust-overlay": {
      "inputs": {
        "nixpkgs": [
          "nixpkgs"
        ]
      },
      "locked": {
        "lastModified": 1778469574,
        "narHash": "sha256-NTZzJ7xJvMXOonYqut3WLUhryeZj5QuuL0ANcqS7d30=",
        "owner": "oxalica",
        "repo": "rust-overlay",
        "rev": "4852a8aa041c94af55e136cde5b8b6d42c3563e8",
        "type": "github"
      },
      "original": {
        "owner": "oxalica",
        "repo": "rust-overlay",
        "type": "github"
      }
    }
  },
  "root": "root",
  "version": 7
}
