{
  "nodes": {
    "kolohelios-nix": {
      "inputs": {
        "nixpkgs": "nixpkgs"
      },
      "locked": {
        "lastModified": 1781400048,
        "narHash": "sha256-1/Hjoj7AIyENLNvL+ePrhih/Qm26BIoISBMxSig1YS8=",
        "rev": "d78f8f0a5b7eb485c11a3125a8fa3e18597cfe7d",
        "revCount": 596,
        "type": "tarball",
        "url": "https://api.flakehub.com/f/pinned/kolohelios/kolohelios-nix/0.1.596%2Brev-d78f8f0a5b7eb485c11a3125a8fa3e18597cfe7d/019ec3ba-bcab-71f2-b085-04b6695f3e51/source.tar.gz"
      },
      "original": {
        "type": "tarball",
        "url": "https://flakehub.com/f/kolohelios/kolohelios-nix/%2A.tar.gz"
      }
    },
    "nixpkgs": {
      "locked": {
        "lastModified": 1781216227,
        "narHash": "sha256-9mUW6gNwoN2SWc/l0fW4svPNOulXLl8ijqKyeSOGgJE=",
        "rev": "a0374025a863d007d98e3297f6aa46cc3141c2f0",
        "revCount": 1006238,
        "type": "tarball",
        "url": "https://api.flakehub.com/f/pinned/NixOS/nixpkgs/0.2605.1006238%2Brev-a0374025a863d007d98e3297f6aa46cc3141c2f0/019ec222-4173-7a63-9e83-5062b70a9018/source.tar.gz"
      },
      "original": {
        "type": "tarball",
        "url": "https://flakehub.com/f/NixOS/nixpkgs/0"
      }
    },
    "root": {
      "inputs": {
        "kolohelios-nix": "kolohelios-nix",
        "nixpkgs": [
          "kolohelios-nix",
          "nixpkgs"
        ],
        "rust-overlay": "rust-overlay"
      }
    },
    "rust-overlay": {
      "inputs": {
        "nixpkgs": [
          "nixpkgs"
        ]
      },
      "locked": {
        "lastModified": 1780629589,
        "narHash": "sha256-oHysjxZdaEqkmyDpN8G1bl3V+r9uyRD1O66bH0bq0Cs=",
        "owner": "oxalica",
        "repo": "rust-overlay",
        "rev": "7a5a1c0a5cb86a28224304309b68f050835fd1f6",
        "type": "github"
      },
      "original": {
        "owner": "oxalica",
        "repo": "rust-overlay",
        "type": "github"
      }
    }
  },
  "root": "root",
  "version": 7
}
