{
  "nodes": {
    "kolohelios-nix": {
      "inputs": {
        "nixpkgs": "nixpkgs"
      },
      "locked": {
        "lastModified": 1782695766,
        "narHash": "sha256-8sql2WkiXW4oAYd7xH0kQ5DkVz3Yr1G4YWtNs+SR3FI=",
        "rev": "bfdaec4386d40e1e6f7d19b6d86837f0351e296b",
        "revCount": 692,
        "type": "tarball",
        "url": "https://api.flakehub.com/f/pinned/kolohelios/kolohelios-nix/0.1.692%2Brev-bfdaec4386d40e1e6f7d19b6d86837f0351e296b/019f10f5-7915-77d0-86b2-0f5288a6ecd0/source.tar.gz"
      },
      "original": {
        "type": "tarball",
        "url": "https://flakehub.com/f/kolohelios/kolohelios-nix/%2A.tar.gz"
      }
    },
    "nixpkgs": {
      "locked": {
        "lastModified": 1782535326,
        "narHash": "sha256-ZeRxu4yn6shd3SNF5ZUQb4r7BaVo1zBKMjRhfoNSBmw=",
        "rev": "714a5f8c4ead6b31148d829288440ed033ccc041",
        "revCount": 1007785,
        "type": "tarball",
        "url": "https://api.flakehub.com/f/pinned/NixOS/nixpkgs/0.2605.1007785%2Brev-714a5f8c4ead6b31148d829288440ed033ccc041/019f0f5e-54c8-75b0-8c86-dfcf01347d98/source.tar.gz"
      },
      "original": {
        "type": "tarball",
        "url": "https://flakehub.com/f/NixOS/nixpkgs/0"
      }
    },
    "root": {
      "inputs": {
        "kolohelios-nix": "kolohelios-nix",
        "nixpkgs": [
          "kolohelios-nix",
          "nixpkgs"
        ],
        "rust-overlay": "rust-overlay"
      }
    },
    "rust-overlay": {
      "inputs": {
        "nixpkgs": [
          "nixpkgs"
        ]
      },
      "locked": {
        "lastModified": 1779679233,
        "narHash": "sha256-qSIAAfK66X6waos6alIYxVze1ZU3C/WPp7NlN4ooP54=",
        "owner": "oxalica",
        "repo": "rust-overlay",
        "rev": "47ab6c7b3c6a68beac60067490240efa32ae344c",
        "type": "github"
      },
      "original": {
        "owner": "oxalica",
        "repo": "rust-overlay",
        "type": "github"
      }
    }
  },
  "root": "root",
  "version": 7
}
