{
  "nodes": {
    "kolohelios-nix": {
      "inputs": {
        "nixpkgs": "nixpkgs"
      },
      "locked": {
        "lastModified": 1790310718,
        "narHash": "sha256-QvXmkuVz5oHERayvR5JcF+3ivWfb6RkICUDRBz585KM=",
        "rev": "e8327bdf2d32e92436c6aeab7cf75817dc67ea16",
        "revCount": 758,
        "type": "tarball",
        "url": "https://api.flakehub.com/f/pinned/kolohelios/kolohelios-nix/0.1.758%2Brev-e8327bdf2d32e92436c6aeab7cf75817dc67ea16/01a0d6d8-c1e7-7950-a5f6-6ec3e29345ed/source.tar.gz"
      },
      "original": {
        "type": "tarball",
        "url": "https://flakehub.com/f/kolohelios/kolohelios-nix/%2A.tar.gz"
      }
    },
    "nixpkgs": {
      "locked": {
        "lastModified": 1790218706,
        "narHash": "sha256-6e4Na3z008XpdVyOXgfasXIn1aN+z8AXFG+jXdQSyuI=",
        "rev": "c508844df6c28fa6dabc1b6af70f3ccbd65c5201",
        "revCount": 1014820,
        "type": "tarball",
        "url": "https://api.flakehub.com/f/pinned/NixOS/nixpkgs/0.2605.1014820%2Brev-c508844df6c28fa6dabc1b6af70f3ccbd65c5201/01a0d47f-c443-7b93-9f5b-ef3edcf0591a/source.tar.gz"
      },
      "original": {
        "type": "tarball",
        "url": "https://flakehub.com/f/NixOS/nixpkgs/0"
      }
    },
    "root": {
      "inputs": {
        "kolohelios-nix": "kolohelios-nix",
        "nixpkgs": [
          "kolohelios-nix",
          "nixpkgs"
        ],
        "rust-overlay": "rust-overlay"
      }
    },
    "rust-overlay": {
      "inputs": {
        "nixpkgs": [
          "nixpkgs"
        ]
      },
      "locked": {
        "lastModified": 1782530211,
        "narHash": "sha256-Zn5H2VVMaP79C+bvaUQD+SBXSKoTnURMZGiUrG00zII=",
        "owner": "oxalica",
        "repo": "rust-overlay",
        "rev": "06ba695dfefc4afc513b49dfc41c4bf0dd2eaeb1",
        "type": "github"
      },
      "original": {
        "owner": "oxalica",
        "repo": "rust-overlay",
        "type": "github"
      }
    }
  },
  "root": "root",
  "version": 7
}
